// !$*UTF8*$!
{
	archiveVersion = 1;
	classes = {
	};
	objectVersion = 55;
	objects = {

/* Begin PBXBuildFile section */
		3B4B2B74284DF0AF00246862 /* RatingControl.swift in Sources */ = {isa = PBXBuildFile; fileRef = 3B4B2B73284DF0AF00246862 /* RatingControl.swift */; };
		3B53B9CF277B889C00DE5483 /* AppDelegate.swift in Sources */ = {isa = PBXBuildFile; fileRef = 3B53B9CE277B889C00DE5483 /* AppDelegate.swift */; };
		3B53B9D1277B889C00DE5483 /* SceneDelegate.swift in Sources */ = {isa = PBXBuildFile; fileRef = 3B53B9D0277B889C00DE5483 /* SceneDelegate.swift */; };
		3B53B9D6277B889C00DE5483 /* Main.storyboard in Resources */ = {isa = PBXBuildFile; fileRef = 3B53B9D4277B889C00DE5483 /* Main.storyboard */; };
		3B53B9D8277B889E00DE5483 /* Assets.xcassets in Resources */ = {isa = PBXBuildFile; fileRef = 3B53B9D7277B889E00DE5483 /* Assets.xcassets */; };
		3B53B9DB277B889E00DE5483 /* LaunchScreen.storyboard in Resources */ = {isa = PBXBuildFile; fileRef = 3B53B9D9277B889E00DE5483 /* LaunchScreen.storyboard */; };
		3B53B9E3277B905A00DE5483 /* TableViewController.swift in Sources */ = {isa = PBXBuildFile; fileRef = 3B53B9E2277B905A00DE5483 /* TableViewController.swift */; };
		3B53B9E5277C7F1C00DE5483 /* CustomTableViewCell.swift in Sources */ = {isa = PBXBuildFile; fileRef = 3B53B9E4277C7F1C00DE5483 /* CustomTableViewCell.swift */; };
		3B9685862788C1A400E9588E /* StorageManager.swift in Sources */ = {isa = PBXBuildFile; fileRef = 3B9685852788C1A400E9588E /* StorageManager.swift */; };
		3B9E29B12868792600B6D901 /* MapViewController.swift in Sources */ = {isa = PBXBuildFile; fileRef = 3B9E29B02868792600B6D901 /* MapViewController.swift */; };
		3BD7B5362781A87D00C777B3 /* PlaceModel.swift in Sources */ = {isa = PBXBuildFile; fileRef = 3BD7B5352781A87D00C777B3 /* PlaceModel.swift */; };
		3BD7B5382782022D00C777B3 /* NewPlaceTableViewController.swift in Sources */ = {isa = PBXBuildFile; fileRef = 3BD7B5372782022D00C777B3 /* NewPlaceTableViewController.swift */; };
		EA8694A1CAC7BC354D52B7A3 /* Pods_Places.framework in Frameworks */ = {isa = PBXBuildFile; fileRef = 5C7D6AEDA20668385649D2F0 /* Pods_Places.framework */; };
/* End PBXBuildFile section */

/* Begin PBXFileReference section */
		3B4B2B73284DF0AF00246862 /* RatingControl.swift */ = {isa = PBXFileReference; lastKnownFileType = sourcecode.swift; path = RatingControl.swift; sourceTree = "<group>"; };
		3B53B9CB277B889C00DE5483 /* Places.app */ = {isa = PBXFileReference; explicitFileType = wrapper.application; includeInIndex = 0; path = Places.app; sourceTree = BUILT_PRODUCTS_DIR; };
		3B53B9CE277B889C00DE5483 /* AppDelegate.swift */ = {isa = PBXFileReference; lastKnownFileType = sourcecode.swift; path = AppDelegate.swift; sourceTree = "<group>"; };
		3B53B9D0277B889C00DE5483 /* SceneDelegate.swift */ = {isa = PBXFileReference; lastKnownFileType = sourcecode.swift; path = SceneDelegate.swift; sourceTree = "<group>"; };
		3B53B9D5277B889C00DE5483 /* Base */ = {isa = PBXFileReference; lastKnownFileType = file.storyboard; name = Base; path = Base.lproj/Main.storyboard; sourceTree = "<group>"; };
		3B53B9D7277B889E00DE5483 /* Assets.xcassets */ = {isa = PBXFileReference; lastKnownFileType = folder.assetcatalog; path = Assets.xcassets; sourceTree = "<group>"; };
		3B53B9DA277B889E00DE5483 /* Base */ = {isa = PBXFileReference; lastKnownFileType = file.storyboard; name = Base; path = Base.lproj/LaunchScreen.storyboard; sourceTree = "<group>"; };
		3B53B9DC277B889E00DE5483 /* Info.plist */ = {isa = PBXFileReference; lastKnownFileType = text.plist.xml; path = Info.plist; sourceTree = "<group>"; };
		3B53B9E2277B905A00DE5483 /* TableViewController.swift */ = {isa = PBXFileReference; lastKnownFileType = sourcecode.swift; path = TableViewController.swift; sourceTree = "<group>"; };
		3B53B9E4277C7F1C00DE5483 /* CustomTableViewCell.swift */ = {isa = PBXFileReference; lastKnownFileType = sourcecode.swift; path = CustomTableViewCell.swift; sourceTree = "<group>"; };
		3B9685852788C1A400E9588E /* StorageManager.swift */ = {isa = PBXFileReference; lastKnownFileType = sourcecode.swift; path = StorageManager.swift; sourceTree = "<group>"; };
		3B9E29B02868792600B6D901 /* MapViewController.swift */ = {isa = PBXFileReference; lastKnownFileType = sourcecode.swift; path = MapViewController.swift; sourceTree = "<group>"; };
		3BD7B5352781A87D00C777B3 /* PlaceModel.swift */ = {isa = PBXFileReference; lastKnownFileType = sourcecode.swift; path = PlaceModel.swift; sourceTree = "<group>"; };
		3BD7B5372782022D00C777B3 /* NewPlaceTableViewController.swift */ = {isa = PBXFileReference; lastKnownFileType = sourcecode.swift; path = NewPlaceTableViewController.swift; sourceTree = "<group>"; };
		5C7D6AEDA20668385649D2F0 /* Pods_Places.framework */ = {isa = PBXFileReference; explicitFileType = wrapper.framework; includeInIndex = 0; path = Pods_Places.framework; sourceTree = BUILT_PRODUCTS_DIR; };
		F29CE5CDAC536C34C642397E /* Pods-Places.release.xcconfig */ = {isa = PBXFileReference; includeInIndex = 1; lastKnownFileType = text.xcconfig; name = "Pods-Places.release.xcconfig"; path = "Target Support Files/Pods-Places/Pods-Places.release.xcconfig"; sourceTree = "<group>"; };
		F6BB3182D362800F9B9351A3 /* Pods-Places.debug.xcconfig */ = {isa = PBXFileReference; includeInIndex = 1; lastKnownFileType = text.xcconfig; name = "Pods-Places.debug.xcconfig"; path = "Target Support Files/Pods-Places/Pods-Places.debug.xcconfig"; sourceTree = "<group>"; };
/* End PBXFileReference section */

/* Begin PBXFrameworksBuildPhase section */
		3B53B9C8277B889C00DE5483 /* Frameworks */ = {
			isa = PBXFrameworksBuildPhase;
			buildActionMask = 2147483647;
			files = (
				EA8694A1CAC7BC354D52B7A3 /* Pods_Places.framework in Frameworks */,
			);
			runOnlyForDeploymentPostprocessing = 0;
		};
/* End PBXFrameworksBuildPhase section */

/* Begin PBXGroup section */
		3B53B9C2277B889C00DE5483 = {
			isa = PBXGroup;
			children = (
				3B53B9CD277B889C00DE5483 /* Places */,
				3B53B9CC277B889C00DE5483 /* Products */,
				EBEB9E5FD1661EC1711DA9A4 /* Pods */,
				7F74856D2FF58F1EC0D9FEF8 /* Frameworks */,
			);
			sourceTree = "<group>";
		};
		3B53B9CC277B889C00DE5483 /* Products */ = {
			isa = PBXGroup;
			children = (
				3B53B9CB277B889C00DE5483 /* Places.app */,
			);
			name = Products;
			sourceTree = "<group>";
		};
		3B53B9CD277B889C00DE5483 /* Places */ = {
			isa = PBXGroup;
			children = (
				3B53B9CE277B889C00DE5483 /* AppDelegate.swift */,
				3B53B9D0277B889C00DE5483 /* SceneDelegate.swift */,
				3B53B9E2277B905A00DE5483 /* TableViewController.swift */,
				3B53B9E4277C7F1C00DE5483 /* CustomTableViewCell.swift */,
				3BD7B5372782022D00C777B3 /* NewPlaceTableViewController.swift */,
				3B4B2B73284DF0AF00246862 /* RatingControl.swift */,
				3BD7B5352781A87D00C777B3 /* PlaceModel.swift */,
				3B9685852788C1A400E9588E /* StorageManager.swift */,
				3B9E29B02868792600B6D901 /* MapViewController.swift */,
				3B53B9D7277B889E00DE5483 /* Assets.xcassets */,
				3B53B9D4277B889C00DE5483 /* Main.storyboard */,
				3B53B9D9277B889E00DE5483 /* LaunchScreen.storyboard */,
				3B53B9DC277B889E00DE5483 /* Info.plist */,
			);
			path = Places;
			sourceTree = "<group>";
		};
		7F74856D2FF58F1EC0D9FEF8 /* Frameworks */ = {
			isa = PBXGroup;
			children = (
				5C7D6AEDA20668385649D2F0 /* Pods_Places.framework */,
			);
			name = Frameworks;
			sourceTree = "<group>";
		};
		EBEB9E5FD1661EC1711DA9A4 /* Pods */ = {
			isa = PBXGroup;
			children = (
				F6BB3182D362800F9B9351A3 /* Pods-Places.debug.xcconfig */,
				F29CE5CDAC536C34C642397E /* Pods-Places.release.xcconfig */,
			);
			path = Pods;
			sourceTree = "<group>";
		};
/* End PBXGroup section */

/* Begin PBXNativeTarget section */
		3B53B9CA277B889C00DE5483 /* Places */ = {
			isa = PBXNativeTarget;
			buildConfigurationList = 3B53B9DF277B889E00DE5483 /* Build configuration list for PBXNativeTarget "Places" */;
			buildPhases = (
				E09470B3E20A7CE948B6CABF /* [CP] Check Pods Manifest.lock */,
				3B53B9C7277B889C00DE5483 /* Sources */,
				3B53B9C8277B889C00DE5483 /* Frameworks */,
				3B53B9C9277B889C00DE5483 /* Resources */,
				B7021A5B9BED574C23B2DC99 /* [CP] Embed Pods Frameworks */,
			);
			buildRules = (
			);
			dependencies = (
			);
			name = Places;
			productName = Places;
			productReference = 3B53B9CB277B889C00DE5483 /* Places.app */;
			productType = "com.apple.product-type.application";
		};
/* End PBXNativeTarget section */

/* Begin PBXProject section */
		3B53B9C3277B889C00DE5483 /* Project object */ = {
			isa = PBXProject;
			attributes = {
				BuildIndependentTargetsInParallel = 1;
				LastSwiftUpdateCheck = 1320;
				LastUpgradeCheck = 1320;
				TargetAttributes = {
					3B53B9CA277B889C00DE5483 = {
						CreatedOnToolsVersion = 13.2.1;
					};
				};
			};
			buildConfigurationList = 3B53B9C6277B889C00DE5483 /* Build configuration list for PBXProject "Places" */;
			compatibilityVersion = "Xcode 13.0";
			developmentRegion = en;
			hasScannedForEncodings = 0;
			knownRegions = (
				en,
				Base,
			);
			mainGroup = 3B53B9C2277B889C00DE5483;
			productRefGroup = 3B53B9CC277B889C00DE5483 /* Products */;
			projectDirPath = "";
			projectRoot = "";
			targets = (
				3B53B9CA277B889C00DE5483 /* Places */,
			);
		};
/* End PBXProject section */

/* Begin PBXResourcesBuildPhase section */
		3B53B9C9277B889C00DE5483 /* Resources */ = {
			isa = PBXResourcesBuildPhase;
			buildActionMask = 2147483647;
			files = (
				3B53B9DB277B889E00DE5483 /* LaunchScreen.storyboard in Resources */,
				3B53B9D8277B889E00DE5483 /* Assets.xcassets in Resources */,
				3B53B9D6277B889C00DE5483 /* Main.storyboard in Resources */,
			);
			runOnlyForDeploymentPostprocessing = 0;
		};
/* End PBXResourcesBuildPhase section */

/* Begin PBXShellScriptBuildPhase section */
		B7021A5B9BED574C23B2DC99 /* [CP] Embed Pods Frameworks */ = {
			isa = PBXShellScriptBuildPhase;
			buildActionMask = 2147483647;
			files = (
			);
			inputFileListPaths = (
				"${PODS_ROOT}/Target Support Files/Pods-Places/Pods-Places-frameworks-${CONFIGURATION}-input-files.xcfilelist",
			);
			name = "[CP] Embed Pods Frameworks";
			outputFileListPaths = (
				"${PODS_ROOT}/Target Support Files/Pods-Places/Pods-Places-frameworks-${CONFIGURATION}-output-files.xcfilelist",
			);
			runOnlyForDeploymentPostprocessing = 0;
			shellPath = /bin/sh;
			shellScript = "\"${PODS_ROOT}/Target Support Files/Pods-Places/Pods-Places-frameworks.sh\"\n";
			showEnvVarsInLog = 0;
		};
		E09470B3E20A7CE948B6CABF /* [CP] Check Pods Manifest.lock */ = {
			isa = PBXShellScriptBuildPhase;
			buildActionMask = 2147483647;
			files = (
			);
			inputFileListPaths = (
			);
			inputPaths = (
				"${PODS_PODFILE_DIR_PATH}/Podfile.lock",
				"${PODS_ROOT}/Manifest.lock",
			);
			name = "[CP] Check Pods Manifest.lock";
			outputFileListPaths = (
			);
			outputPaths = (
				"$(DERIVED_FILE_DIR)/Pods-Places-checkManifestLockResult.txt",
			);
			runOnlyForDeploymentPostprocessing = 0;
			shellPath = /bin/sh;
			shellScript = "diff \"${PODS_PODFILE_DIR_PATH}/Podfile.lock\" \"${PODS_ROOT}/Manifest.lock\" > /dev/null\nif [ $? != 0 ] ; then\n    # print error to STDERR\n    echo \"error: The sandbox is not in sync with the Podfile.lock. Run 'pod install' or update your CocoaPods installation.\" >&2\n    exit 1\nfi\n# This output is used by Xcode 'outputs' to avoid re-running this script phase.\necho \"SUCCESS\" > \"${SCRIPT_OUTPUT_FILE_0}\"\n";
			showEnvVarsInLog = 0;
		};
/* End PBXShellScriptBuildPhase section */

/* Begin PBXSourcesBuildPhase section */
		3B53B9C7277B889C00DE5483 /* Sources */ = {
			isa = PBXSourcesBuildPhase;
			buildActionMask = 2147483647;
			files = (
				3BD7B5382782022D00C777B3 /* NewPlaceTableViewController.swift in Sources */,
				3B53B9CF277B889C00DE5483 /* AppDelegate.swift in Sources */,
				3B53B9E3277B905A00DE5483 /* TableViewController.swift in Sources */,
				3B9685862788C1A400E9588E /* StorageManager.swift in Sources */,
				3B9E29B12868792600B6D901 /* MapViewController.swift in Sources */,
				3B4B2B74284DF0AF00246862 /* RatingControl.swift in Sources */,
				3BD7B5362781A87D00C777B3 /* PlaceModel.swift in Sources */,
				3B53B9E5277C7F1C00DE5483 /* CustomTableViewCell.swift in Sources */,
				3B53B9D1277B889C00DE5483 /* SceneDelegate.swift in Sources */,
			);
			runOnlyForDeploymentPostprocessing = 0;
		};
/* End PBXSourcesBuildPhase section */

/* Begin PBXVariantGroup section */
		3B53B9D4277B889C00DE5483 /* Main.storyboard */ = {
			isa = PBXVariantGroup;
			children = (
				3B53B9D5277B889C00DE5483 /* Base */,
			);
			name = Main.storyboard;
			sourceTree = "<group>";
		};
		3B53B9D9277B889E00DE5483 /* LaunchScreen.storyboard */ = {
			isa = PBXVariantGroup;
			children = (
				3B53B9DA277B889E00DE5483 /* Base */,
			);
			name = LaunchScreen.storyboard;
			sourceTree = "<group>";
		};
/* End PBXVariantGroup section */

/* Begin XCBuildConfiguration section */
		3B53B9DD277B889E00DE5483 /* Debug */ = {
			isa = XCBuildConfiguration;
			buildSettings = {
				ALWAYS_SEARCH_USER_PATHS = NO;
				CLANG_ANALYZER_NONNULL = YES;
				CLANG_ANALYZER_NUMBER_OBJECT_CONVERSION = YES_AGGRESSIVE;
				CLANG_CXX_LANGUAGE_STANDARD = "gnu++17";
				CLANG_CXX_LIBRARY = "libc++";
				CLANG_ENABLE_MODULES = YES;
				CLANG_ENABLE_OBJC_ARC = YES;
				CLANG_ENABLE_OBJC_WEAK = YES;
				CLANG_WARN_BLOCK_CAPTURE_AUTORELEASING = YES;
				CLANG_WARN_BOOL_CONVERSION = YES;
				CLANG_WARN_COMMA = YES;
				CLANG_WARN_CONSTANT_CONVERSION = YES;
				CLANG_WARN_DEPRECATED_OBJC_IMPLEMENTATIONS = YES;
				CLANG_WARN_DIRECT_OBJC_ISA_USAGE = YES_ERROR;
				CLANG_WARN_DOCUMENTATION_COMMENTS = YES;
				CLANG_WARN_EMPTY_BODY = YES;
				CLANG_WARN_ENUM_CONVERSION = YES;
				CLANG_WARN_INFINITE_RECURSION = YES;
				CLANG_WARN_INT_CONVERSION = YES;
				CLANG_WARN_NON_LITERAL_NULL_CONVERSION = YES;
				CLANG_WARN_OBJC_IMPLICIT_RETAIN_SELF = YES;
				CLANG_WARN_OBJC_LITERAL_CONVERSION = YES;
				CLANG_WARN_OBJC_ROOT_CLASS = YES_ERROR;
				CLANG_WARN_QUOTED_INCLUDE_IN_FRAMEWORK_HEADER = YES;
				CLANG_WARN_RANGE_LOOP_ANALYSIS = YES;
				CLANG_WARN_STRICT_PROTOTYPES = YES;
				CLANG_WARN_SUSPICIOUS_MOVE = YES;
				CLANG_WARN_UNGUARDED_AVAILABILITY = YES_AGGRESSIVE;
				CLANG_WARN_UNREACHABLE_CODE = YES;
				CLANG_WARN__DUPLICATE_METHOD_MATCH = YES;
				COPY_PHASE_STRIP = NO;
				DEBUG_INFORMATION_FORMAT = dwarf;
				ENABLE_STRICT_OBJC_MSGSEND = YES;
				ENABLE_TESTABILITY = YES;
				GCC_C_LANGUAGE_STANDARD = gnu11;
				GCC_DYNAMIC_NO_PIC = NO;
				GCC_NO_COMMON_BLOCKS = YES;
				GCC_OPTIMIZATION_LEVEL = 0;
				GCC_PREPROCESSOR_DEFINITIONS = (
					"DEBUG=1",
					"$(inherited)",
				);
				GCC_WARN_64_TO_32_BIT_CONVERSION = YES;
				GCC_WARN_ABOUT_RETURN_TYPE = YES_ERROR;
				GCC_WARN_UNDECLARED_SELECTOR = YES;
				GCC_WARN_UNINITIALIZED_AUTOS = YES_AGGRESSIVE;
				GCC_WARN_UNUSED_FUNCTION = YES;
				GCC_WARN_UNUSED_VARIABLE = YES;
				IPHONEOS_DEPLOYMENT_TARGET = 15.1;
				MTL_ENABLE_DEBUG_INFO = INCLUDE_SOURCE;
				MTL_FAST_MATH = YES;
				ONLY_ACTIVE_ARCH = YES;
				SDKROOT = iphoneos;
				SWIFT_ACTIVE_COMPILATION_CONDITIONS = DEBUG;
				SWIFT_OPTIMIZATION_LEVEL = "-Onone";
			};
			name = Debug;
		};
		3B53B9DE277B889E00DE5483 /* Release */ = {
			isa = XCBuildConfiguration;
			buildSettings = {
				ALWAYS_SEARCH_USER_PATHS = NO;
				CLANG_ANALYZER_NONNULL = YES;
				CLANG_ANALYZER_NUMBER_OBJECT_CONVERSION = YES_AGGRESSIVE;
				CLANG_CXX_LANGUAGE_STANDARD = "gnu++17";
				CLANG_CXX_LIBRARY = "libc++";
				CLANG_ENABLE_MODULES = YES;
				CLANG_ENABLE_OBJC_ARC = YES;
				CLANG_ENABLE_OBJC_WEAK = YES;
				CLANG_WARN_BLOCK_CAPTURE_AUTORELEASING = YES;
				CLANG_WARN_BOOL_CONVERSION = YES;
				CLANG_WARN_COMMA = YES;
				CLANG_WARN_CONSTANT_CONVERSION = YES;
				CLANG_WARN_DEPRECATED_OBJC_IMPLEMENTATIONS = YES;
				CLANG_WARN_DIRECT_OBJC_ISA_USAGE = YES_ERROR;
				CLANG_WARN_DOCUMENTATION_COMMENTS = YES;
				CLANG_WARN_EMPTY_BODY = YES;
				CLANG_WARN_ENUM_CONVERSION = YES;
				CLANG_WARN_INFINITE_RECURSION = YES;
				CLANG_WARN_INT_CONVERSION = YES;
				CLANG_WARN_NON_LITERAL_NULL_CONVERSION = YES;
				CLANG_WARN_OBJC_IMPLICIT_RETAIN_SELF = YES;
				CLANG_WARN_OBJC_LITERAL_CONVERSION = YES;
				CLANG_WARN_OBJC_ROOT_CLASS = YES_ERROR;
				CLANG_WARN_QUOTED_INCLUDE_IN_FRAMEWORK_HEADER = YES;
				CLANG_WARN_RANGE_LOOP_ANALYSIS = YES;
				CLANG_WARN_STRICT_PROTOTYPES = YES;
				CLANG_WARN_SUSPICIOUS_MOVE = YES;
				CLANG_WARN_UNGUARDED_AVAILABILITY = YES_AGGRESSIVE;
				CLANG_WARN_UNREACHABLE_CODE = YES;
				CLANG_WARN__DUPLICATE_METHOD_MATCH = YES;
				COPY_PHASE_STRIP = NO;
				DEBUG_INFORMATION_FORMAT = "dwarf-with-dsym";
				ENABLE_NS_ASSERTIONS = NO;
				ENABLE_STRICT_OBJC_MSGSEND = YES;
				GCC_C_LANGUAGE_STANDARD = gnu11;
				GCC_NO_COMMON_BLOCKS = YES;
				GCC_WARN_64_TO_32_BIT_CONVERSION = YES;
				GCC_WARN_ABOUT_RETURN_TYPE = YES_ERROR;
				GCC_WARN_UNDECLARED_SELECTOR = YES;
				GCC_WARN_UNINITIALIZED_AUTOS = YES_AGGRESSIVE;
				GCC_WARN_UNUSED_FUNCTION = YES;
				GCC_WARN_UNUSED_VARIABLE = YES;
				IPHONEOS_DEPLOYMENT_TARGET = 15.1;
				MTL_ENABLE_DEBUG_INFO = NO;
				MTL_FAST_MATH = YES;
				SDKROOT = iphoneos;
				SWIFT_COMPILATION_MODE = wholemodule;
				SWIFT_OPTIMIZATION_LEVEL = "-O";
				VALIDATE_PRODUCT = YES;
			};
			name = Release;
		};
		3B53B9E0277B889E00DE5483 /* Debug */ = {
			isa = XCBuildConfiguration;
			baseConfigurationReference = F6BB3182D362800F9B9351A3 /* Pods-Places.debug.xcconfig */;
			buildSettings = {
				ASSETCATALOG_COMPILER_APPICON_NAME = AppIcon;
				ASSETCATALOG_COMPILER_GLOBAL_ACCENT_COLOR_NAME = AccentColor;
				CODE_SIGN_STYLE = Automatic;
				CURRENT_PROJECT_VERSION = 1;
				DEVELOPMENT_TEAM = 5KT477LB69;
				GENERATE_INFOPLIST_FILE = YES;
				INFOPLIST_FILE = Places/Info.plist;
				INFOPLIST_KEY_UIApplicationSupportsIndirectInputEvents = YES;
				INFOPLIST_KEY_UILaunchStoryboardName = LaunchScreen;
				INFOPLIST_KEY_UIMainStoryboardFile = Main;
				INFOPLIST_KEY_UISupportedInterfaceOrientations_iPad = "UIInterfaceOrientationPortrait UIInterfaceOrientationPortraitUpsideDown UIInterfaceOrientationLandscapeLeft UIInterfaceOrientationLandscapeRight";
				INFOPLIST_KEY_UISupportedInterfaceOrientations_iPhone = "UIInterfaceOrientationPortrait UIInterfaceOrientationLandscapeLeft UIInterfaceOrientationLandscapeRight";
				LD_RUNPATH_SEARCH_PATHS = (
					"$(inherited)",
					"@executable_path/Frameworks",
				);
				MARKETING_VERSION = 1.0;
				PRODUCT_BUNDLE_IDENTIFIER = MRS.Places;
				PRODUCT_NAME = "$(TARGET_NAME)";
				SWIFT_EMIT_LOC_STRINGS = YES;
				SWIFT_VERSION = 5.0;
				TARGETED_DEVICE_FAMILY = "1,2";
			};
			name = Debug;
		};
		3B53B9E1277B889E00DE5483 /* Release */ = {
			isa = XCBuildConfiguration;
			baseConfigurationReference = F29CE5CDAC536C34C642397E /* Pods-Places.release.xcconfig */;
			buildSettings = {
				ASSETCATALOG_COMPILER_APPICON_NAME = AppIcon;
				ASSETCATALOG_COMPILER_GLOBAL_ACCENT_COLOR_NAME = AccentColor;
				CODE_SIGN_STYLE = Automatic;
				CURRENT_PROJECT_VERSION = 1;
				DEVELOPMENT_TEAM = 5KT477LB69;
				GENERATE_INFOPLIST_FILE = YES;
				INFOPLIST_FILE = Places/Info.plist;
				INFOPLIST_KEY_UIApplicationSupportsIndirectInputEvents = YES;
				INFOPLIST_KEY_UILaunchStoryboardName = LaunchScreen;
				INFOPLIST_KEY_UIMainStoryboardFile = Main;
				INFOPLIST_KEY_UISupportedInterfaceOrientations_iPad = "UIInterfaceOrientationPortrait UIInterfaceOrientationPortraitUpsideDown UIInterfaceOrientationLandscapeLeft UIInterfaceOrientationLandscapeRight";
				INFOPLIST_KEY_UISupportedInterfaceOrientations_iPhone = "UIInterfaceOrientationPortrait UIInterfaceOrientationLandscapeLeft UIInterfaceOrientationLandscapeRight";
				LD_RUNPATH_SEARCH_PATHS = (
					"$(inherited)",
					"@executable_path/Frameworks",
				);
				MARKETING_VERSION = 1.0;
				PRODUCT_BUNDLE_IDENTIFIER = MRS.Places;
				PRODUCT_NAME = "$(TARGET_NAME)";
				SWIFT_EMIT_LOC_STRINGS = YES;
				SWIFT_VERSION = 5.0;
				TARGETED_DEVICE_FAMILY = "1,2";
			};
			name = Release;
		};
/* End XCBuildConfiguration section */

/* Begin XCConfigurationList section */
		3B53B9C6277B889C00DE5483 /* Build configuration list for PBXProject "Places" */ = {
			isa = XCConfigurationList;
			buildConfigurations = (
				3B53B9DD277B889E00DE5483 /* Debug */,
				3B53B9DE277B889E00DE5483 /* Release */,
			);
			defaultConfigurationIsVisible = 0;
			defaultConfigurationName = Release;
		};
		3B53B9DF277B889E00DE5483 /* Build configuration list for PBXNativeTarget "Places" */ = {
			isa = XCConfigurationList;
			buildConfigurations = (
				3B53B9E0277B889E00DE5483 /* Debug */,
				3B53B9E1277B889E00DE5483 /* Release */,
			);
			defaultConfigurationIsVisible = 0;
			defaultConfigurationName = Release;
		};
/* End XCConfigurationList section */
	};
	rootObject = 3B53B9C3277B889C00DE5483 /* Project object */;
}
